
Microsoft Visual Studio Solution File, Format Version 12.00
# Visual Studio Version 16
VisualStudioVersion = 16.0.31205.134
MinimumVisualStudioVersion = 10.0.40219.1
Project("{FAE04EC0-301F-11D3-BF4B-00C04F79EFBC}") = "lambdaTest_bdd", "lambdaTest_bdd.csproj", "{C31D010E-707D-4180-A650-B5BFDE03D855}"
EndProject
Project("{2150E333-8FDC-42A3-9474-1A3956D46DE8}") = "Solution Items", "Solution Items", "{849ACB81-1BC7-440F-BB90-5CE4DAA897BD}"
EndProject
Global
	GlobalSection(SolutionConfigurationPlatforms) = preSolution
		Debug|Any CPU = Debug|Any CPU
		Release|Any CPU = Release|Any CPU
	EndGlobalSection
	GlobalSection(ProjectConfigurationPlatforms) = postSolution
		{C31D010E-707D-4180-A650-B5BFDE03D855}.Debug|Any CPU.ActiveCfg = Debug|Any CPU
		{C31D010E-707D-4180-A650-B5BFDE03D855}.Debug|Any CPU.Build.0 = Debug|Any CPU
		{C31D010E-707D-4180-A650-B5BFDE03D855}.Release|Any CPU.ActiveCfg = Release|Any CPU
		{C31D010E-707D-4180-A650-B5BFDE03D855}.Release|Any CPU.Build.0 = Release|Any CPU
	EndGlobalSection
	GlobalSection(SolutionProperties) = preSolution
		HideSolutionNode = FALSE
	EndGlobalSection
	GlobalSection(ExtensibilityGlobals) = postSolution
		SolutionGuid = {3D286335-EF87-439A-B1C2-2E75479BDD33}
	EndGlobalSection
EndGlobal
